
Microsoft Visual Studio Solution File, Format Version 12.00
# Visual Studio 15
Project("{FAE04EC0-301F-11D3-BF4B-00C04F79EFBC}") = "Assembly-CSharp", "Assembly-CSharp.csproj", "{7211AAF9-95BC-5817-C39C-FFED61573616}"
EndProject
Project("{FAE04EC0-301F-11D3-BF4B-00C04F79EFBC}") = "Assembly-CSharp-Editor", "Assembly-CSharp-Editor.csproj", "{1975E76E-B8C2-5307-9E8A-F9B0A3E1E301}"
EndProject
Global
	GlobalSection(SolutionConfigurationPlatforms) = preSolution
		Debug|Any CPU = Debug|Any CPU
		Release|Any CPU = Release|Any CPU
	EndGlobalSection
	GlobalSection(ProjectConfigurationPlatforms) = postSolution
		{7211AAF9-95BC-5817-C39C-FFED61573616}.Debug|Any CPU.ActiveCfg = Debug|Any CPU
		{7211AAF9-95BC-5817-C39C-FFED61573616}.Debug|Any CPU.Build.0 = Debug|Any CPU
		{7211AAF9-95BC-5817-C39C-FFED61573616}.Release|Any CPU.ActiveCfg = Release|Any CPU
		{7211AAF9-95BC-5817-C39C-FFED61573616}.Release|Any CPU.Build.0 = Release|Any CPU
		{1975E76E-B8C2-5307-9E8A-F9B0A3E1E301}.Debug|Any CPU.ActiveCfg = Debug|Any CPU
		{1975E76E-B8C2-5307-9E8A-F9B0A3E1E301}.Debug|Any CPU.Build.0 = Debug|Any CPU
		{1975E76E-B8C2-5307-9E8A-F9B0A3E1E301}.Release|Any CPU.ActiveCfg = Release|Any CPU
		{1975E76E-B8C2-5307-9E8A-F9B0A3E1E301}.Release|Any CPU.Build.0 = Release|Any CPU
	EndGlobalSection
	GlobalSection(SolutionProperties) = preSolution
		HideSolutionNode = FALSE
	EndGlobalSection
EndGlobal
